{
  "nodes": {
    "flake-utils": {
      "locked": {
        "lastModified": 1634851050,
        "narHash": "sha256-N83GlSGPJJdcqhUxSCS/WwW5pksYf3VP1M13cDRTSVA=",
        "owner": "numtide",
        "repo": "flake-utils",
        "rev": "c91f3de5adaf1de973b797ef7485e441a65b8935",
        "type": "github"
      },
      "original": {
        "owner": "numtide",
        "repo": "flake-utils",
        "type": "github"
      }
    },
    "logmich": {
      "inputs": {
        "flake-utils": [
          "flake-utils"
        ],
        "nix": [
          "nix"
        ],
        "nixpkgs": [
          "nixpkgs"
        ],
        "tinycmmc": [
          "tinycmmc"
        ]
      },
      "locked": {
        "lastModified": 1636472868,
        "narHash": "sha256-ye+Qch+grsIFhDo9Sdxc6reG5AG858mDk4x6idwKpPs=",
        "owner": "logmich",
        "repo": "logmich",
        "rev": "4a50822e767cd2571c9f17628c813d7685cc2f6b",
        "type": "gitlab"
      },
      "original": {
        "owner": "logmich",
        "repo": "logmich",
        "type": "gitlab"
      }
    },
    "lowdown-src": {
      "flake": false,
      "locked": {
        "lastModified": 1633514407,
        "narHash": "sha256-Dw32tiMjdK9t3ETl5fzGrutQTzh2rufgZV4A/BbxuD4=",
        "owner": "kristapsdz",
        "repo": "lowdown",
        "rev": "d2c2b44ff6c27b936ec27358a2653caaef8f73b8",
        "type": "github"
      },
      "original": {
        "owner": "kristapsdz",
        "repo": "lowdown",
        "type": "github"
      }
    },
    "nix": {
      "inputs": {
        "lowdown-src": "lowdown-src",
        "nixpkgs": [
          "nixpkgs"
        ]
      },
      "locked": {
        "lastModified": 1636469859,
        "narHash": "sha256-sp+wdPXMermWixiOcPuxeTseKA8Yph77FBHuDqBw81c=",
        "owner": "NixOS",
        "repo": "nix",
        "rev": "67179472dfe30c97af9a5aeed0190c0e765936cf",
        "type": "github"
      },
      "original": {
        "id": "nix",
        "type": "indirect"
      }
    },
    "nixpkgs": {
      "locked": {
        "lastModified": 1636473618,
        "narHash": "sha256-eWUdCcGM3kVVe+u5hThYpornOab5Bq2tkw/qv7RJdYc=",
        "owner": "nixos",
        "repo": "nixpkgs",
        "rev": "94a8d38dcda29a72f5320f52ff547b3bb3f8eb87",
        "type": "github"
      },
      "original": {
        "owner": "nixos",
        "repo": "nixpkgs",
        "type": "github"
      }
    },
    "priocpp": {
      "inputs": {
        "flake-utils": [
          "flake-utils"
        ],
        "logmich": [
          "logmich"
        ],
        "nix": [
          "nix"
        ],
        "nixpkgs": [
          "nixpkgs"
        ],
        "sexpcpp": "sexpcpp",
        "tinycmmc": [
          "tinycmmc"
        ]
      },
      "locked": {
        "lastModified": 1636473022,
        "narHash": "sha256-kD6Dcjm5rfRKeGhTbE3TKuuCz2jCJ3xFU7yMj9FxT/g=",
        "owner": "grumbel",
        "repo": "priocpp",
        "rev": "af934711d44a95d83c51e30f011471c69bae5686",
        "type": "gitlab"
      },
      "original": {
        "owner": "grumbel",
        "repo": "priocpp",
        "type": "gitlab"
      }
    },
    "root": {
      "inputs": {
        "flake-utils": "flake-utils",
        "logmich": "logmich",
        "nix": "nix",
        "nixpkgs": "nixpkgs",
        "priocpp": "priocpp",
        "tinycmmc": "tinycmmc"
      }
    },
    "sexpcpp": {
      "inputs": {
        "flake-utils": [
          "priocpp",
          "flake-utils"
        ],
        "nix": [
          "priocpp",
          "nix"
        ],
        "nixpkgs": [
          "priocpp",
          "nixpkgs"
        ],
        "tinycmmc": [
          "priocpp",
          "tinycmmc"
        ]
      },
      "locked": {
        "lastModified": 1636472725,
        "narHash": "sha256-ZmDBU51G45q1kN6VW24vjZ0JM5bRF3rCM+gBi4+xe7E=",
        "owner": "lispparser",
        "repo": "sexp-cpp",
        "rev": "80f20f7fab69ff8477e15cd0b915ed8273b786d3",
        "type": "gitlab"
      },
      "original": {
        "owner": "lispparser",
        "repo": "sexp-cpp",
        "type": "gitlab"
      }
    },
    "tinycmmc": {
      "inputs": {
        "flake-utils": [
          "flake-utils"
        ],
        "nix": [
          "nix"
        ],
        "nixpkgs": [
          "nixpkgs"
        ]
      },
      "locked": {
        "lastModified": 1636472398,
        "narHash": "sha256-j/HbXbIWjBQNrKOIwpBFCZGp4S1GGdqz6/wmpWT90zE=",
        "owner": "grumbel",
        "repo": "cmake-modules",
        "rev": "36d0a7b7b10c7fa3c0b6776a34eaebfcbe65deb5",
        "type": "gitlab"
      },
      "original": {
        "owner": "grumbel",
        "repo": "cmake-modules",
        "type": "gitlab"
      }
    }
  },
  "root": "root",
  "version": 7
}
