{
  "nodes": {
    "flake-utils": {
      "locked": {
        "lastModified": 1634851050,
        "narHash": "sha256-N83GlSGPJJdcqhUxSCS/WwW5pksYf3VP1M13cDRTSVA=",
        "owner": "numtide",
        "repo": "flake-utils",
        "rev": "c91f3de5adaf1de973b797ef7485e441a65b8935",
        "type": "github"
      },
      "original": {
        "owner": "numtide",
        "repo": "flake-utils",
        "type": "github"
      }
    },
    "flake-utils_10": {
      "locked": {
        "lastModified": 1634851050,
        "narHash": "sha256-N83GlSGPJJdcqhUxSCS/WwW5pksYf3VP1M13cDRTSVA=",
        "owner": "numtide",
        "repo": "flake-utils",
        "rev": "c91f3de5adaf1de973b797ef7485e441a65b8935",
        "type": "github"
      },
      "original": {
        "owner": "numtide",
        "repo": "flake-utils",
        "type": "github"
      }
    },
    "flake-utils_2": {
      "locked": {
        "lastModified": 1634851050,
        "narHash": "sha256-N83GlSGPJJdcqhUxSCS/WwW5pksYf3VP1M13cDRTSVA=",
        "owner": "numtide",
        "repo": "flake-utils",
        "rev": "c91f3de5adaf1de973b797ef7485e441a65b8935",
        "type": "github"
      },
      "original": {
        "owner": "numtide",
        "repo": "flake-utils",
        "type": "github"
      }
    },
    "flake-utils_3": {
      "locked": {
        "lastModified": 1634851050,
        "narHash": "sha256-N83GlSGPJJdcqhUxSCS/WwW5pksYf3VP1M13cDRTSVA=",
        "owner": "numtide",
        "repo": "flake-utils",
        "rev": "c91f3de5adaf1de973b797ef7485e441a65b8935",
        "type": "github"
      },
      "original": {
        "owner": "numtide",
        "repo": "flake-utils",
        "type": "github"
      }
    },
    "flake-utils_4": {
      "locked": {
        "lastModified": 1634851050,
        "narHash": "sha256-N83GlSGPJJdcqhUxSCS/WwW5pksYf3VP1M13cDRTSVA=",
        "owner": "numtide",
        "repo": "flake-utils",
        "rev": "c91f3de5adaf1de973b797ef7485e441a65b8935",
        "type": "github"
      },
      "original": {
        "owner": "numtide",
        "repo": "flake-utils",
        "type": "github"
      }
    },
    "flake-utils_5": {
      "locked": {
        "lastModified": 1634851050,
        "narHash": "sha256-N83GlSGPJJdcqhUxSCS/WwW5pksYf3VP1M13cDRTSVA=",
        "owner": "numtide",
        "repo": "flake-utils",
        "rev": "c91f3de5adaf1de973b797ef7485e441a65b8935",
        "type": "github"
      },
      "original": {
        "owner": "numtide",
        "repo": "flake-utils",
        "type": "github"
      }
    },
    "flake-utils_6": {
      "locked": {
        "lastModified": 1634851050,
        "narHash": "sha256-N83GlSGPJJdcqhUxSCS/WwW5pksYf3VP1M13cDRTSVA=",
        "owner": "numtide",
        "repo": "flake-utils",
        "rev": "c91f3de5adaf1de973b797ef7485e441a65b8935",
        "type": "github"
      },
      "original": {
        "owner": "numtide",
        "repo": "flake-utils",
        "type": "github"
      }
    },
    "flake-utils_7": {
      "locked": {
        "lastModified": 1634851050,
        "narHash": "sha256-N83GlSGPJJdcqhUxSCS/WwW5pksYf3VP1M13cDRTSVA=",
        "owner": "numtide",
        "repo": "flake-utils",
        "rev": "c91f3de5adaf1de973b797ef7485e441a65b8935",
        "type": "github"
      },
      "original": {
        "owner": "numtide",
        "repo": "flake-utils",
        "type": "github"
      }
    },
    "flake-utils_8": {
      "locked": {
        "lastModified": 1634851050,
        "narHash": "sha256-N83GlSGPJJdcqhUxSCS/WwW5pksYf3VP1M13cDRTSVA=",
        "owner": "numtide",
        "repo": "flake-utils",
        "rev": "c91f3de5adaf1de973b797ef7485e441a65b8935",
        "type": "github"
      },
      "original": {
        "owner": "numtide",
        "repo": "flake-utils",
        "type": "github"
      }
    },
    "flake-utils_9": {
      "locked": {
        "lastModified": 1634851050,
        "narHash": "sha256-N83GlSGPJJdcqhUxSCS/WwW5pksYf3VP1M13cDRTSVA=",
        "owner": "numtide",
        "repo": "flake-utils",
        "rev": "c91f3de5adaf1de973b797ef7485e441a65b8935",
        "type": "github"
      },
      "original": {
        "owner": "numtide",
        "repo": "flake-utils",
        "type": "github"
      }
    },
    "logmich": {
      "inputs": {
        "flake-utils": "flake-utils_2",
        "nix": "nix",
        "nixpkgs": "nixpkgs_2",
        "tinycmmc": "tinycmmc"
      },
      "locked": {
        "lastModified": 1636386767,
        "narHash": "sha256-QPcpx4I3J06yNQe34BXQa/FjM1wApm1GVJkKMOucKrs=",
        "owner": "logmich",
        "repo": "logmich",
        "rev": "3923e58cd085d242375d4992d6f5c66cd5ff89fe",
        "type": "gitlab"
      },
      "original": {
        "owner": "logmich",
        "repo": "logmich",
        "type": "gitlab"
      }
    },
    "logmich_2": {
      "inputs": {
        "flake-utils": "flake-utils_5",
        "nix": "nix_3",
        "nixpkgs": "nixpkgs_7",
        "tinycmmc": "tinycmmc_2"
      },
      "locked": {
        "lastModified": 1636386767,
        "narHash": "sha256-QPcpx4I3J06yNQe34BXQa/FjM1wApm1GVJkKMOucKrs=",
        "owner": "logmich",
        "repo": "logmich",
        "rev": "3923e58cd085d242375d4992d6f5c66cd5ff89fe",
        "type": "gitlab"
      },
      "original": {
        "owner": "logmich",
        "repo": "logmich",
        "type": "gitlab"
      }
    },
    "lowdown-src": {
      "flake": false,
      "locked": {
        "lastModified": 1633514407,
        "narHash": "sha256-Dw32tiMjdK9t3ETl5fzGrutQTzh2rufgZV4A/BbxuD4=",
        "owner": "kristapsdz",
        "repo": "lowdown",
        "rev": "d2c2b44ff6c27b936ec27358a2653caaef8f73b8",
        "type": "github"
      },
      "original": {
        "owner": "kristapsdz",
        "repo": "lowdown",
        "type": "github"
      }
    },
    "lowdown-src_2": {
      "flake": false,
      "locked": {
        "lastModified": 1633514407,
        "narHash": "sha256-Dw32tiMjdK9t3ETl5fzGrutQTzh2rufgZV4A/BbxuD4=",
        "owner": "kristapsdz",
        "repo": "lowdown",
        "rev": "d2c2b44ff6c27b936ec27358a2653caaef8f73b8",
        "type": "github"
      },
      "original": {
        "owner": "kristapsdz",
        "repo": "lowdown",
        "type": "github"
      }
    },
    "lowdown-src_3": {
      "flake": false,
      "locked": {
        "lastModified": 1633514407,
        "narHash": "sha256-Dw32tiMjdK9t3ETl5fzGrutQTzh2rufgZV4A/BbxuD4=",
        "owner": "kristapsdz",
        "repo": "lowdown",
        "rev": "d2c2b44ff6c27b936ec27358a2653caaef8f73b8",
        "type": "github"
      },
      "original": {
        "owner": "kristapsdz",
        "repo": "lowdown",
        "type": "github"
      }
    },
    "lowdown-src_4": {
      "flake": false,
      "locked": {
        "lastModified": 1633514407,
        "narHash": "sha256-Dw32tiMjdK9t3ETl5fzGrutQTzh2rufgZV4A/BbxuD4=",
        "owner": "kristapsdz",
        "repo": "lowdown",
        "rev": "d2c2b44ff6c27b936ec27358a2653caaef8f73b8",
        "type": "github"
      },
      "original": {
        "owner": "kristapsdz",
        "repo": "lowdown",
        "type": "github"
      }
    },
    "lowdown-src_5": {
      "flake": false,
      "locked": {
        "lastModified": 1633514407,
        "narHash": "sha256-Dw32tiMjdK9t3ETl5fzGrutQTzh2rufgZV4A/BbxuD4=",
        "owner": "kristapsdz",
        "repo": "lowdown",
        "rev": "d2c2b44ff6c27b936ec27358a2653caaef8f73b8",
        "type": "github"
      },
      "original": {
        "owner": "kristapsdz",
        "repo": "lowdown",
        "type": "github"
      }
    },
    "nix": {
      "inputs": {
        "lowdown-src": "lowdown-src",
        "nixpkgs": "nixpkgs"
      },
      "locked": {
        "lastModified": 1636130118,
        "narHash": "sha256-8HWSbvu3OfXAg8CHoQGWyQ/r6cAmNb6EX6zGUKYWiz8=",
        "owner": "NixOS",
        "repo": "nix",
        "rev": "3d6ee223d6fff37610790dfbda1329f05bfc4058",
        "type": "github"
      },
      "original": {
        "id": "nix",
        "type": "indirect"
      }
    },
    "nix_2": {
      "inputs": {
        "lowdown-src": "lowdown-src_2",
        "nixpkgs": "nixpkgs_4"
      },
      "locked": {
        "lastModified": 1636377222,
        "narHash": "sha256-+aGA4gbM+wGqsIfGkNAxXWsUCxUTYTSxW/5LV6IYfa4=",
        "owner": "NixOS",
        "repo": "nix",
        "rev": "6c2af1f201a925c2aa632737765685c72b642847",
        "type": "github"
      },
      "original": {
        "id": "nix",
        "type": "indirect"
      }
    },
    "nix_3": {
      "inputs": {
        "lowdown-src": "lowdown-src_3",
        "nixpkgs": "nixpkgs_6"
      },
      "locked": {
        "lastModified": 1636130118,
        "narHash": "sha256-8HWSbvu3OfXAg8CHoQGWyQ/r6cAmNb6EX6zGUKYWiz8=",
        "owner": "NixOS",
        "repo": "nix",
        "rev": "3d6ee223d6fff37610790dfbda1329f05bfc4058",
        "type": "github"
      },
      "original": {
        "id": "nix",
        "type": "indirect"
      }
    },
    "nix_4": {
      "inputs": {
        "lowdown-src": "lowdown-src_4",
        "nixpkgs": "nixpkgs_9"
      },
      "locked": {
        "lastModified": 1636377222,
        "narHash": "sha256-+aGA4gbM+wGqsIfGkNAxXWsUCxUTYTSxW/5LV6IYfa4=",
        "owner": "NixOS",
        "repo": "nix",
        "rev": "6c2af1f201a925c2aa632737765685c72b642847",
        "type": "github"
      },
      "original": {
        "id": "nix",
        "type": "indirect"
      }
    },
    "nix_5": {
      "inputs": {
        "lowdown-src": "lowdown-src_5",
        "nixpkgs": "nixpkgs_11"
      },
      "locked": {
        "lastModified": 1636130118,
        "narHash": "sha256-8HWSbvu3OfXAg8CHoQGWyQ/r6cAmNb6EX6zGUKYWiz8=",
        "owner": "NixOS",
        "repo": "nix",
        "rev": "3d6ee223d6fff37610790dfbda1329f05bfc4058",
        "type": "github"
      },
      "original": {
        "id": "nix",
        "type": "indirect"
      }
    },
    "nixpkgs": {
      "locked": {
        "lastModified": 1632864508,
        "narHash": "sha256-d127FIvGR41XbVRDPVvozUPQ/uRHbHwvfyKHwEt5xFM=",
        "owner": "NixOS",
        "repo": "nixpkgs",
        "rev": "82891b5e2c2359d7e58d08849e4c89511ab94234",
        "type": "github"
      },
      "original": {
        "id": "nixpkgs",
        "ref": "nixos-21.05-small",
        "type": "indirect"
      }
    },
    "nixpkgs_10": {
      "locked": {
        "lastModified": 1636398716,
        "narHash": "sha256-+Z9adUmased6XkYM2UZ75YCIaHaGTRBDZELzgaTphLc=",
        "owner": "nixos",
        "repo": "nixpkgs",
        "rev": "0a5f365446e220a3b21e51149ea20ea1c8dc9bba",
        "type": "github"
      },
      "original": {
        "owner": "nixos",
        "repo": "nixpkgs",
        "type": "github"
      }
    },
    "nixpkgs_11": {
      "locked": {
        "lastModified": 1632864508,
        "narHash": "sha256-d127FIvGR41XbVRDPVvozUPQ/uRHbHwvfyKHwEt5xFM=",
        "owner": "NixOS",
        "repo": "nixpkgs",
        "rev": "82891b5e2c2359d7e58d08849e4c89511ab94234",
        "type": "github"
      },
      "original": {
        "id": "nixpkgs",
        "ref": "nixos-21.05-small",
        "type": "indirect"
      }
    },
    "nixpkgs_12": {
      "locked": {
        "lastModified": 1636364404,
        "narHash": "sha256-af7j+fpIF6R0EBthCz2ULsuDt5JDakCCrPS0oZtbd10=",
        "owner": "nixos",
        "repo": "nixpkgs",
        "rev": "ac515c612b85623fd9955789be861551c1faad4f",
        "type": "github"
      },
      "original": {
        "owner": "nixos",
        "repo": "nixpkgs",
        "type": "github"
      }
    },
    "nixpkgs_13": {
      "locked": {
        "lastModified": 1636306464,
        "narHash": "sha256-ScXJH4/9AfYm1/O5gQuKhSH8DWWzN0ofbZN6sZ0x+Hw=",
        "owner": "nixos",
        "repo": "nixpkgs",
        "rev": "ea5437f80c60bb7a8c5ca258dd443aa96c5e763f",
        "type": "github"
      },
      "original": {
        "owner": "nixos",
        "repo": "nixpkgs",
        "type": "github"
      }
    },
    "nixpkgs_14": {
      "locked": {
        "lastModified": 1636306464,
        "narHash": "sha256-ScXJH4/9AfYm1/O5gQuKhSH8DWWzN0ofbZN6sZ0x+Hw=",
        "owner": "nixos",
        "repo": "nixpkgs",
        "rev": "ea5437f80c60bb7a8c5ca258dd443aa96c5e763f",
        "type": "github"
      },
      "original": {
        "owner": "nixos",
        "repo": "nixpkgs",
        "type": "github"
      }
    },
    "nixpkgs_15": {
      "locked": {
        "lastModified": 1636306464,
        "narHash": "sha256-ScXJH4/9AfYm1/O5gQuKhSH8DWWzN0ofbZN6sZ0x+Hw=",
        "owner": "nixos",
        "repo": "nixpkgs",
        "rev": "ea5437f80c60bb7a8c5ca258dd443aa96c5e763f",
        "type": "github"
      },
      "original": {
        "owner": "nixos",
        "repo": "nixpkgs",
        "type": "github"
      }
    },
    "nixpkgs_2": {
      "locked": {
        "lastModified": 1636364404,
        "narHash": "sha256-af7j+fpIF6R0EBthCz2ULsuDt5JDakCCrPS0oZtbd10=",
        "owner": "nixos",
        "repo": "nixpkgs",
        "rev": "ac515c612b85623fd9955789be861551c1faad4f",
        "type": "github"
      },
      "original": {
        "owner": "nixos",
        "repo": "nixpkgs",
        "type": "github"
      }
    },
    "nixpkgs_3": {
      "locked": {
        "lastModified": 1636306464,
        "narHash": "sha256-ScXJH4/9AfYm1/O5gQuKhSH8DWWzN0ofbZN6sZ0x+Hw=",
        "owner": "nixos",
        "repo": "nixpkgs",
        "rev": "ea5437f80c60bb7a8c5ca258dd443aa96c5e763f",
        "type": "github"
      },
      "original": {
        "owner": "nixos",
        "repo": "nixpkgs",
        "type": "github"
      }
    },
    "nixpkgs_4": {
      "locked": {
        "lastModified": 1632864508,
        "narHash": "sha256-d127FIvGR41XbVRDPVvozUPQ/uRHbHwvfyKHwEt5xFM=",
        "owner": "NixOS",
        "repo": "nixpkgs",
        "rev": "82891b5e2c2359d7e58d08849e4c89511ab94234",
        "type": "github"
      },
      "original": {
        "id": "nixpkgs",
        "ref": "nixos-21.05-small",
        "type": "indirect"
      }
    },
    "nixpkgs_5": {
      "locked": {
        "lastModified": 1636398716,
        "narHash": "sha256-+Z9adUmased6XkYM2UZ75YCIaHaGTRBDZELzgaTphLc=",
        "owner": "nixos",
        "repo": "nixpkgs",
        "rev": "0a5f365446e220a3b21e51149ea20ea1c8dc9bba",
        "type": "github"
      },
      "original": {
        "owner": "nixos",
        "repo": "nixpkgs",
        "type": "github"
      }
    },
    "nixpkgs_6": {
      "locked": {
        "lastModified": 1632864508,
        "narHash": "sha256-d127FIvGR41XbVRDPVvozUPQ/uRHbHwvfyKHwEt5xFM=",
        "owner": "NixOS",
        "repo": "nixpkgs",
        "rev": "82891b5e2c2359d7e58d08849e4c89511ab94234",
        "type": "github"
      },
      "original": {
        "id": "nixpkgs",
        "ref": "nixos-21.05-small",
        "type": "indirect"
      }
    },
    "nixpkgs_7": {
      "locked": {
        "lastModified": 1636364404,
        "narHash": "sha256-af7j+fpIF6R0EBthCz2ULsuDt5JDakCCrPS0oZtbd10=",
        "owner": "nixos",
        "repo": "nixpkgs",
        "rev": "ac515c612b85623fd9955789be861551c1faad4f",
        "type": "github"
      },
      "original": {
        "owner": "nixos",
        "repo": "nixpkgs",
        "type": "github"
      }
    },
    "nixpkgs_8": {
      "locked": {
        "lastModified": 1636306464,
        "narHash": "sha256-ScXJH4/9AfYm1/O5gQuKhSH8DWWzN0ofbZN6sZ0x+Hw=",
        "owner": "nixos",
        "repo": "nixpkgs",
        "rev": "ea5437f80c60bb7a8c5ca258dd443aa96c5e763f",
        "type": "github"
      },
      "original": {
        "owner": "nixos",
        "repo": "nixpkgs",
        "type": "github"
      }
    },
    "nixpkgs_9": {
      "locked": {
        "lastModified": 1632864508,
        "narHash": "sha256-d127FIvGR41XbVRDPVvozUPQ/uRHbHwvfyKHwEt5xFM=",
        "owner": "NixOS",
        "repo": "nixpkgs",
        "rev": "82891b5e2c2359d7e58d08849e4c89511ab94234",
        "type": "github"
      },
      "original": {
        "id": "nixpkgs",
        "ref": "nixos-21.05-small",
        "type": "indirect"
      }
    },
    "priocpp": {
      "inputs": {
        "flake-utils": "flake-utils_4",
        "logmich": "logmich_2",
        "nix": "nix_4",
        "nixpkgs": "nixpkgs_10",
        "sexpcpp": "sexpcpp",
        "tinycmmc": "tinycmmc_4"
      },
      "locked": {
        "lastModified": 1636401596,
        "narHash": "sha256-CE7VAHCtH4T59jkotAkUfiQJjfHvPndY0/FUgrbvZ2Q=",
        "owner": "grumbel",
        "repo": "priocpp",
        "rev": "870315c8772bf391813d9768d851362fc828ff9b",
        "type": "gitlab"
      },
      "original": {
        "owner": "grumbel",
        "repo": "priocpp",
        "type": "gitlab"
      }
    },
    "root": {
      "inputs": {
        "flake-utils": "flake-utils",
        "logmich": "logmich",
        "nix": "nix_2",
        "nixpkgs": "nixpkgs_5",
        "priocpp": "priocpp",
        "tinycmmc": "tinycmmc_5"
      }
    },
    "sexpcpp": {
      "inputs": {
        "flake-utils": "flake-utils_7",
        "nix": "nix_5",
        "nixpkgs": "nixpkgs_12",
        "tinycmmc": "tinycmmc_3"
      },
      "locked": {
        "lastModified": 1636399489,
        "narHash": "sha256-wq1jm/mWC1oBj6g25kUWpeOj6VCLuy8535D1jWZi5Rc=",
        "owner": "lispparser",
        "repo": "sexp-cpp",
        "rev": "092d579ab6aa5096679393a147bab0e89f95b6c8",
        "type": "gitlab"
      },
      "original": {
        "owner": "lispparser",
        "repo": "sexp-cpp",
        "type": "gitlab"
      }
    },
    "tinycmmc": {
      "inputs": {
        "flake-utils": "flake-utils_3",
        "nixpkgs": "nixpkgs_3"
      },
      "locked": {
        "lastModified": 1636364915,
        "narHash": "sha256-K/OY1GQ7F++Y7pgLS69Im9yzs5PZcz+0Ld7+PUzj4HQ=",
        "owner": "grumbel",
        "repo": "cmake-modules",
        "rev": "57e046b3f7f4017a2289bb209413fefa4b2b91f6",
        "type": "gitlab"
      },
      "original": {
        "owner": "grumbel",
        "repo": "cmake-modules",
        "type": "gitlab"
      }
    },
    "tinycmmc_2": {
      "inputs": {
        "flake-utils": "flake-utils_6",
        "nixpkgs": "nixpkgs_8"
      },
      "locked": {
        "lastModified": 1636364915,
        "narHash": "sha256-K/OY1GQ7F++Y7pgLS69Im9yzs5PZcz+0Ld7+PUzj4HQ=",
        "owner": "grumbel",
        "repo": "cmake-modules",
        "rev": "57e046b3f7f4017a2289bb209413fefa4b2b91f6",
        "type": "gitlab"
      },
      "original": {
        "owner": "grumbel",
        "repo": "cmake-modules",
        "type": "gitlab"
      }
    },
    "tinycmmc_3": {
      "inputs": {
        "flake-utils": "flake-utils_8",
        "nixpkgs": "nixpkgs_13"
      },
      "locked": {
        "lastModified": 1636364915,
        "narHash": "sha256-K/OY1GQ7F++Y7pgLS69Im9yzs5PZcz+0Ld7+PUzj4HQ=",
        "owner": "grumbel",
        "repo": "cmake-modules",
        "rev": "57e046b3f7f4017a2289bb209413fefa4b2b91f6",
        "type": "gitlab"
      },
      "original": {
        "owner": "grumbel",
        "repo": "cmake-modules",
        "type": "gitlab"
      }
    },
    "tinycmmc_4": {
      "inputs": {
        "flake-utils": "flake-utils_9",
        "nixpkgs": "nixpkgs_14"
      },
      "locked": {
        "lastModified": 1636364915,
        "narHash": "sha256-K/OY1GQ7F++Y7pgLS69Im9yzs5PZcz+0Ld7+PUzj4HQ=",
        "owner": "grumbel",
        "repo": "cmake-modules",
        "rev": "57e046b3f7f4017a2289bb209413fefa4b2b91f6",
        "type": "gitlab"
      },
      "original": {
        "owner": "grumbel",
        "repo": "cmake-modules",
        "type": "gitlab"
      }
    },
    "tinycmmc_5": {
      "inputs": {
        "flake-utils": "flake-utils_10",
        "nixpkgs": "nixpkgs_15"
      },
      "locked": {
        "lastModified": 1636364915,
        "narHash": "sha256-K/OY1GQ7F++Y7pgLS69Im9yzs5PZcz+0Ld7+PUzj4HQ=",
        "owner": "grumbel",
        "repo": "cmake-modules",
        "rev": "57e046b3f7f4017a2289bb209413fefa4b2b91f6",
        "type": "gitlab"
      },
      "original": {
        "owner": "grumbel",
        "repo": "cmake-modules",
        "type": "gitlab"
      }
    }
  },
  "root": "root",
  "version": 7
}
